// !$*UTF8*$!
{
	archiveVersion = 1;
	classes = {
	};
	objectVersion = 48;
	objects = {

/* Begin PBXBuildFile section */
		94FAD7221FF4C9010008DEAF /* HSMainViewController.m in Sources */ = {isa = PBXBuildFile; fileRef = 94FAD7211FF4C9010008DEAF /* HSMainViewController.m */; };
		94FAD7251FF4E8510008DEAF /* NSDate+Utilities.m in Sources */ = {isa = PBXBuildFile; fileRef = 94FAD7241FF4E8510008DEAF /* NSDate+Utilities.m */; };
		9D52DDBD1FD13208006F2E1C /* MJExtensionConst.m in Sources */ = {isa = PBXBuildFile; fileRef = 9D52DDAA1FD13208006F2E1C /* MJExtensionConst.m */; };
		9D52DDBE1FD13208006F2E1C /* MJFoundation.m in Sources */ = {isa = PBXBuildFile; fileRef = 9D52DDAC1FD13208006F2E1C /* MJFoundation.m */; };
		9D52DDBF1FD13208006F2E1C /* MJProperty.m in Sources */ = {isa = PBXBuildFile; fileRef = 9D52DDAE1FD13208006F2E1C /* MJProperty.m */; };
		9D52DDC01FD13208006F2E1C /* MJPropertyKey.m in Sources */ = {isa = PBXBuildFile; fileRef = 9D52DDB01FD13208006F2E1C /* MJPropertyKey.m */; };
		9D52DDC11FD13208006F2E1C /* MJPropertyType.m in Sources */ = {isa = PBXBuildFile; fileRef = 9D52DDB21FD13208006F2E1C /* MJPropertyType.m */; };
		9D52DDC21FD13208006F2E1C /* NSObject+MJClass.m in Sources */ = {isa = PBXBuildFile; fileRef = 9D52DDB41FD13208006F2E1C /* NSObject+MJClass.m */; };
		9D52DDC31FD13208006F2E1C /* NSObject+MJCoding.m in Sources */ = {isa = PBXBuildFile; fileRef = 9D52DDB61FD13208006F2E1C /* NSObject+MJCoding.m */; };
		9D52DDC41FD13208006F2E1C /* NSObject+MJKeyValue.m in Sources */ = {isa = PBXBuildFile; fileRef = 9D52DDB81FD13208006F2E1C /* NSObject+MJKeyValue.m */; };
		9D52DDC51FD13208006F2E1C /* NSObject+MJProperty.m in Sources */ = {isa = PBXBuildFile; fileRef = 9D52DDBA1FD13208006F2E1C /* NSObject+MJProperty.m */; };
		9D52DDC61FD13208006F2E1C /* NSString+MJExtension.m in Sources */ = {isa = PBXBuildFile; fileRef = 9D52DDBC1FD13208006F2E1C /* NSString+MJExtension.m */; };
		9DF9B4C91FCE9BEB00DB6A54 /* AppDelegate.m in Sources */ = {isa = PBXBuildFile; fileRef = 9DF9B4C81FCE9BEB00DB6A54 /* AppDelegate.m */; };
		9DF9B4CC1FCE9BEB00DB6A54 /* ViewController.m in Sources */ = {isa = PBXBuildFile; fileRef = 9DF9B4CB1FCE9BEB00DB6A54 /* ViewController.m */; };
		9DF9B4CF1FCE9BEB00DB6A54 /* Main.storyboard in Resources */ = {isa = PBXBuildFile; fileRef = 9DF9B4CD1FCE9BEB00DB6A54 /* Main.storyboard */; };
		9DF9B4D21FCE9BEB00DB6A54 /* YZSelectCalendarDemo.xcdatamodeld in Sources */ = {isa = PBXBuildFile; fileRef = 9DF9B4D01FCE9BEB00DB6A54 /* YZSelectCalendarDemo.xcdatamodeld */; };
		9DF9B4D41FCE9BEB00DB6A54 /* Assets.xcassets in Resources */ = {isa = PBXBuildFile; fileRef = 9DF9B4D31FCE9BEB00DB6A54 /* Assets.xcassets */; };
		9DF9B4D71FCE9BEB00DB6A54 /* LaunchScreen.storyboard in Resources */ = {isa = PBXBuildFile; fileRef = 9DF9B4D51FCE9BEB00DB6A54 /* LaunchScreen.storyboard */; };
		9DF9B4DA1FCE9BEB00DB6A54 /* main.m in Sources */ = {isa = PBXBuildFile; fileRef = 9DF9B4D91FCE9BEB00DB6A54 /* main.m */; };
		9DF9B4FA1FCE9C0A00DB6A54 /* MASCompositeConstraint.m in Sources */ = {isa = PBXBuildFile; fileRef = 9DF9B4E21FCE9C0A00DB6A54 /* MASCompositeConstraint.m */; };
		9DF9B4FB1FCE9C0A00DB6A54 /* MASConstraint.m in Sources */ = {isa = PBXBuildFile; fileRef = 9DF9B4E51FCE9C0A00DB6A54 /* MASConstraint.m */; };
		9DF9B4FC1FCE9C0A00DB6A54 /* MASConstraintMaker.m in Sources */ = {isa = PBXBuildFile; fileRef = 9DF9B4E71FCE9C0A00DB6A54 /* MASConstraintMaker.m */; };
		9DF9B4FD1FCE9C0A00DB6A54 /* MASLayoutConstraint.m in Sources */ = {isa = PBXBuildFile; fileRef = 9DF9B4E91FCE9C0A00DB6A54 /* MASLayoutConstraint.m */; };
		9DF9B4FE1FCE9C0A00DB6A54 /* MASViewAttribute.m in Sources */ = {isa = PBXBuildFile; fileRef = 9DF9B4ED1FCE9C0A00DB6A54 /* MASViewAttribute.m */; };
		9DF9B4FF1FCE9C0A00DB6A54 /* MASViewConstraint.m in Sources */ = {isa = PBXBuildFile; fileRef = 9DF9B4EF1FCE9C0A00DB6A54 /* MASViewConstraint.m */; };
		9DF9B5001FCE9C0B00DB6A54 /* NSArray+MASAdditions.m in Sources */ = {isa = PBXBuildFile; fileRef = 9DF9B4F11FCE9C0A00DB6A54 /* NSArray+MASAdditions.m */; };
		9DF9B5011FCE9C0B00DB6A54 /* NSLayoutConstraint+MASDebugAdditions.m in Sources */ = {isa = PBXBuildFile; fileRef = 9DF9B4F41FCE9C0A00DB6A54 /* NSLayoutConstraint+MASDebugAdditions.m */; };
		9DF9B5021FCE9C0B00DB6A54 /* View+MASAdditions.m in Sources */ = {isa = PBXBuildFile; fileRef = 9DF9B4F61FCE9C0A00DB6A54 /* View+MASAdditions.m */; };
		9DF9B5031FCE9C0B00DB6A54 /* ViewController+MASAdditions.m in Sources */ = {isa = PBXBuildFile; fileRef = 9DF9B4F91FCE9C0A00DB6A54 /* ViewController+MASAdditions.m */; };
		9DF9B5061FCE9C6300DB6A54 /* YZCalendarCollectionViewCell.m in Sources */ = {isa = PBXBuildFile; fileRef = 9DF9B5051FCE9C6300DB6A54 /* YZCalendarCollectionViewCell.m */; };
		9DF9B5091FCE9CC700DB6A54 /* YZCalendarViewCell.m in Sources */ = {isa = PBXBuildFile; fileRef = 9DF9B5081FCE9CC700DB6A54 /* YZCalendarViewCell.m */; };
		9DF9B50E1FCEA54100DB6A54 /* YZCalendarModel.m in Sources */ = {isa = PBXBuildFile; fileRef = 9DF9B50D1FCEA54100DB6A54 /* YZCalendarModel.m */; };
		9DF9B5111FCEB46C00DB6A54 /* NSDateTool.m in Sources */ = {isa = PBXBuildFile; fileRef = 9DF9B5101FCEB46C00DB6A54 /* NSDateTool.m */; };
/* End PBXBuildFile section */

/* Begin PBXFileReference section */
		94FAD7201FF4C9010008DEAF /* HSMainViewController.h */ = {isa = PBXFileReference; lastKnownFileType = sourcecode.c.h; path = HSMainViewController.h; sourceTree = "<group>"; };
		94FAD7211FF4C9010008DEAF /* HSMainViewController.m */ = {isa = PBXFileReference; lastKnownFileType = sourcecode.c.objc; path = HSMainViewController.m; sourceTree = "<group>"; };
		94FAD7231FF4E8510008DEAF /* NSDate+Utilities.h */ = {isa = PBXFileReference; fileEncoding = 4; lastKnownFileType = sourcecode.c.h; path = "NSDate+Utilities.h"; sourceTree = "<group>"; };
		94FAD7241FF4E8510008DEAF /* NSDate+Utilities.m */ = {isa = PBXFileReference; fileEncoding = 4; lastKnownFileType = sourcecode.c.objc; path = "NSDate+Utilities.m"; sourceTree = "<group>"; };
		9D52DDA81FD13208006F2E1C /* MJExtension.h */ = {isa = PBXFileReference; fileEncoding = 4; lastKnownFileType = sourcecode.c.h; path = MJExtension.h; sourceTree = "<group>"; };
		9D52DDA91FD13208006F2E1C /* MJExtensionConst.h */ = {isa = PBXFileReference; fileEncoding = 4; lastKnownFileType = sourcecode.c.h; path = MJExtensionConst.h; sourceTree = "<group>"; };
		9D52DDAA1FD13208006F2E1C /* MJExtensionConst.m */ = {isa = PBXFileReference; fileEncoding = 4; lastKnownFileType = sourcecode.c.objc; path = MJExtensionConst.m; sourceTree = "<group>"; };
		9D52DDAB1FD13208006F2E1C /* MJFoundation.h */ = {isa = PBXFileReference; fileEncoding = 4; lastKnownFileType = sourcecode.c.h; path = MJFoundation.h; sourceTree = "<group>"; };
		9D52DDAC1FD13208006F2E1C /* MJFoundation.m */ = {isa = PBXFileReference; fileEncoding = 4; lastKnownFileType = sourcecode.c.objc; path = MJFoundation.m; sourceTree = "<group>"; };
		9D52DDAD1FD13208006F2E1C /* MJProperty.h */ = {isa = PBXFileReference; fileEncoding = 4; lastKnownFileType = sourcecode.c.h; path = MJProperty.h; sourceTree = "<group>"; };
		9D52DDAE1FD13208006F2E1C /* MJProperty.m */ = {isa = PBXFileReference; fileEncoding = 4; lastKnownFileType = sourcecode.c.objc; path = MJProperty.m; sourceTree = "<group>"; };
		9D52DDAF1FD13208006F2E1C /* MJPropertyKey.h */ = {isa = PBXFileReference; fileEncoding = 4; lastKnownFileType = sourcecode.c.h; path = MJPropertyKey.h; sourceTree = "<group>"; };
		9D52DDB01FD13208006F2E1C /* MJPropertyKey.m */ = {isa = PBXFileReference; fileEncoding = 4; lastKnownFileType = sourcecode.c.objc; path = MJPropertyKey.m; sourceTree = "<group>"; };
		9D52DDB11FD13208006F2E1C /* MJPropertyType.h */ = {isa = PBXFileReference; fileEncoding = 4; lastKnownFileType = sourcecode.c.h; path = MJPropertyType.h; sourceTree = "<group>"; };
		9D52DDB21FD13208006F2E1C /* MJPropertyType.m */ = {isa = PBXFileReference; fileEncoding = 4; lastKnownFileType = sourcecode.c.objc; path = MJPropertyType.m; sourceTree = "<group>"; };
		9D52DDB31FD13208006F2E1C /* NSObject+MJClass.h */ = {isa = PBXFileReference; fileEncoding = 4; lastKnownFileType = sourcecode.c.h; path = "NSObject+MJClass.h"; sourceTree = "<group>"; };
		9D52DDB41FD13208006F2E1C /* NSObject+MJClass.m */ = {isa = PBXFileReference; fileEncoding = 4; lastKnownFileType = sourcecode.c.objc; path = "NSObject+MJClass.m"; sourceTree = "<group>"; };
		9D52DDB51FD13208006F2E1C /* NSObject+MJCoding.h */ = {isa = PBXFileReference; fileEncoding = 4; lastKnownFileType = sourcecode.c.h; path = "NSObject+MJCoding.h"; sourceTree = "<group>"; };
		9D52DDB61FD13208006F2E1C /* NSObject+MJCoding.m */ = {isa = PBXFileReference; fileEncoding = 4; lastKnownFileType = sourcecode.c.objc; path = "NSObject+MJCoding.m"; sourceTree = "<group>"; };
		9D52DDB71FD13208006F2E1C /* NSObject+MJKeyValue.h */ = {isa = PBXFileReference; fileEncoding = 4; lastKnownFileType = sourcecode.c.h; path = "NSObject+MJKeyValue.h"; sourceTree = "<group>"; };
		9D52DDB81FD13208006F2E1C /* NSObject+MJKeyValue.m */ = {isa = PBXFileReference; fileEncoding = 4; lastKnownFileType = sourcecode.c.objc; path = "NSObject+MJKeyValue.m"; sourceTree = "<group>"; };
		9D52DDB91FD13208006F2E1C /* NSObject+MJProperty.h */ = {isa = PBXFileReference; fileEncoding = 4; lastKnownFileType = sourcecode.c.h; path = "NSObject+MJProperty.h"; sourceTree = "<group>"; };
		9D52DDBA1FD13208006F2E1C /* NSObject+MJProperty.m */ = {isa = PBXFileReference; fileEncoding = 4; lastKnownFileType = sourcecode.c.objc; path = "NSObject+MJProperty.m"; sourceTree = "<group>"; };
		9D52DDBB1FD13208006F2E1C /* NSString+MJExtension.h */ = {isa = PBXFileReference; fileEncoding = 4; lastKnownFileType = sourcecode.c.h; path = "NSString+MJExtension.h"; sourceTree = "<group>"; };
		9D52DDBC1FD13208006F2E1C /* NSString+MJExtension.m */ = {isa = PBXFileReference; fileEncoding = 4; lastKnownFileType = sourcecode.c.objc; path = "NSString+MJExtension.m"; sourceTree = "<group>"; };
		9DF9B4C41FCE9BEB00DB6A54 /* YZSelectCalendarDemo.app */ = {isa = PBXFileReference; explicitFileType = wrapper.application; includeInIndex = 0; path = YZSelectCalendarDemo.app; sourceTree = BUILT_PRODUCTS_DIR; };
		9DF9B4C71FCE9BEB00DB6A54 /* AppDelegate.h */ = {isa = PBXFileReference; lastKnownFileType = sourcecode.c.h; path = AppDelegate.h; sourceTree = "<group>"; };
		9DF9B4C81FCE9BEB00DB6A54 /* AppDelegate.m */ = {isa = PBXFileReference; lastKnownFileType = sourcecode.c.objc; path = AppDelegate.m; sourceTree = "<group>"; };
		9DF9B4CA1FCE9BEB00DB6A54 /* ViewController.h */ = {isa = PBXFileReference; lastKnownFileType = sourcecode.c.h; path = ViewController.h; sourceTree = "<group>"; };
		9DF9B4CB1FCE9BEB00DB6A54 /* ViewController.m */ = {isa = PBXFileReference; lastKnownFileType = sourcecode.c.objc; path = ViewController.m; sourceTree = "<group>"; };
		9DF9B4CE1FCE9BEB00DB6A54 /* Base */ = {isa = PBXFileReference; lastKnownFileType = file.storyboard; name = Base; path = Base.lproj/Main.storyboard; sourceTree = "<group>"; };
		9DF9B4D11FCE9BEB00DB6A54 /* YZSelectCalendarDemo.xcdatamodel */ = {isa = PBXFileReference; lastKnownFileType = wrapper.xcdatamodel; path = YZSelectCalendarDemo.xcdatamodel; sourceTree = "<group>"; };
		9DF9B4D31FCE9BEB00DB6A54 /* Assets.xcassets */ = {isa = PBXFileReference; lastKnownFileType = folder.assetcatalog; path = Assets.xcassets; sourceTree = "<group>"; };
		9DF9B4D61FCE9BEB00DB6A54 /* Base */ = {isa = PBXFileReference; lastKnownFileType = file.storyboard; name = Base; path = Base.lproj/LaunchScreen.storyboard; sourceTree = "<group>"; };
		9DF9B4D81FCE9BEB00DB6A54 /* Info.plist */ = {isa = PBXFileReference; lastKnownFileType = text.plist.xml; path = Info.plist; sourceTree = "<group>"; };
		9DF9B4D91FCE9BEB00DB6A54 /* main.m */ = {isa = PBXFileReference; lastKnownFileType = sourcecode.c.objc; path = main.m; sourceTree = "<group>"; };
		9DF9B4E11FCE9C0A00DB6A54 /* MASCompositeConstraint.h */ = {isa = PBXFileReference; fileEncoding = 4; lastKnownFileType = sourcecode.c.h; path = MASCompositeConstraint.h; sourceTree = "<group>"; };
		9DF9B4E21FCE9C0A00DB6A54 /* MASCompositeConstraint.m */ = {isa = PBXFileReference; fileEncoding = 4; lastKnownFileType = sourcecode.c.objc; path = MASCompositeConstraint.m; sourceTree = "<group>"; };
		9DF9B4E31FCE9C0A00DB6A54 /* MASConstraint+Private.h */ = {isa = PBXFileReference; fileEncoding = 4; lastKnownFileType = sourcecode.c.h; path = "MASConstraint+Private.h"; sourceTree = "<group>"; };
		9DF9B4E41FCE9C0A00DB6A54 /* MASConstraint.h */ = {isa = PBXFileReference; fileEncoding = 4; lastKnownFileType = sourcecode.c.h; path = MASConstraint.h; sourceTree = "<group>"; };
		9DF9B4E51FCE9C0A00DB6A54 /* MASConstraint.m */ = {isa = PBXFileReference; fileEncoding = 4; lastKnownFileType = sourcecode.c.objc; path = MASConstraint.m; sourceTree = "<group>"; };
		9DF9B4E61FCE9C0A00DB6A54 /* MASConstraintMaker.h */ = {isa = PBXFileReference; fileEncoding = 4; lastKnownFileType = sourcecode.c.h; path = MASConstraintMaker.h; sourceTree = "<group>"; };
		9DF9B4E71FCE9C0A00DB6A54 /* MASConstraintMaker.m */ = {isa = PBXFileReference; fileEncoding = 4; lastKnownFileType = sourcecode.c.objc; path = MASConstraintMaker.m; sourceTree = "<group>"; };
		9DF9B4E81FCE9C0A00DB6A54 /* MASLayoutConstraint.h */ = {isa = PBXFileReference; fileEncoding = 4; lastKnownFileType = sourcecode.c.h; path = MASLayoutConstraint.h; sourceTree = "<group>"; };
		9DF9B4E91FCE9C0A00DB6A54 /* MASLayoutConstraint.m */ = {isa = PBXFileReference; fileEncoding = 4; lastKnownFileType = sourcecode.c.objc; path = MASLayoutConstraint.m; sourceTree = "<group>"; };
		9DF9B4EA1FCE9C0A00DB6A54 /* Masonry.h */ = {isa = PBXFileReference; fileEncoding = 4; lastKnownFileType = sourcecode.c.h; path = Masonry.h; sourceTree = "<group>"; };
		9DF9B4EB1FCE9C0A00DB6A54 /* MASUtilities.h */ = {isa = PBXFileReference; fileEncoding = 4; lastKnownFileType = sourcecode.c.h; path = MASUtilities.h; sourceTree = "<group>"; };
		9DF9B4EC1FCE9C0A00DB6A54 /* MASViewAttribute.h */ = {isa = PBXFileReference; fileEncoding = 4; lastKnownFileType = sourcecode.c.h; path = MASViewAttribute.h; sourceTree = "<group>"; };
		9DF9B4ED1FCE9C0A00DB6A54 /* MASViewAttribute.m */ = {isa = PBXFileReference; fileEncoding = 4; lastKnownFileType = sourcecode.c.objc; path = MASViewAttribute.m; sourceTree = "<group>"; };
		9DF9B4EE1FCE9C0A00DB6A54 /* MASViewConstraint.h */ = {isa = PBXFileReference; fileEncoding = 4; lastKnownFileType = sourcecode.c.h; path = MASViewConstraint.h; sourceTree = "<group>"; };
		9DF9B4EF1FCE9C0A00DB6A54 /* MASViewConstraint.m */ = {isa = PBXFileReference; fileEncoding = 4; lastKnownFileType = sourcecode.c.objc; path = MASViewConstraint.m; sourceTree = "<group>"; };
		9DF9B4F01FCE9C0A00DB6A54 /* NSArray+MASAdditions.h */ = {isa = PBXFileReference; fileEncoding = 4; lastKnownFileType = sourcecode.c.h; path = "NSArray+MASAdditions.h"; sourceTree = "<group>"; };
		9DF9B4F11FCE9C0A00DB6A54 /* NSArray+MASAdditions.m */ = {isa = PBXFileReference; fileEncoding = 4; lastKnownFileType = sourcecode.c.objc; path = "NSArray+MASAdditions.m"; sourceTree = "<group>"; };
		9DF9B4F21FCE9C0A00DB6A54 /* NSArray+MASShorthandAdditions.h */ = {isa = PBXFileReference; fileEncoding = 4; lastKnownFileType = sourcecode.c.h; path = "NSArray+MASShorthandAdditions.h"; sourceTree = "<group>"; };
		9DF9B4F31FCE9C0A00DB6A54 /* NSLayoutConstraint+MASDebugAdditions.h */ = {isa = PBXFileReference; fileEncoding = 4; lastKnownFileType = sourcecode.c.h; path = "NSLayoutConstraint+MASDebugAdditions.h"; sourceTree = "<group>"; };
		9DF9B4F41FCE9C0A00DB6A54 /* NSLayoutConstraint+MASDebugAdditions.m */ = {isa = PBXFileReference; fileEncoding = 4; lastKnownFileType = sourcecode.c.objc; path = "NSLayoutConstraint+MASDebugAdditions.m"; sourceTree = "<group>"; };
		9DF9B4F51FCE9C0A00DB6A54 /* View+MASAdditions.h */ = {isa = PBXFileReference; fileEncoding = 4; lastKnownFileType = sourcecode.c.h; path = "View+MASAdditions.h"; sourceTree = "<group>"; };
		9DF9B4F61FCE9C0A00DB6A54 /* View+MASAdditions.m */ = {isa = PBXFileReference; fileEncoding = 4; lastKnownFileType = sourcecode.c.objc; path = "View+MASAdditions.m"; sourceTree = "<group>"; };
		9DF9B4F71FCE9C0A00DB6A54 /* View+MASShorthandAdditions.h */ = {isa = PBXFileReference; fileEncoding = 4; lastKnownFileType = sourcecode.c.h; path = "View+MASShorthandAdditions.h"; sourceTree = "<group>"; };
		9DF9B4F81FCE9C0A00DB6A54 /* ViewController+MASAdditions.h */ = {isa = PBXFileReference; fileEncoding = 4; lastKnownFileType = sourcecode.c.h; path = "ViewController+MASAdditions.h"; sourceTree = "<group>"; };
		9DF9B4F91FCE9C0A00DB6A54 /* ViewController+MASAdditions.m */ = {isa = PBXFileReference; fileEncoding = 4; lastKnownFileType = sourcecode.c.objc; path = "ViewController+MASAdditions.m"; sourceTree = "<group>"; };
		9DF9B5041FCE9C6300DB6A54 /* YZCalendarCollectionViewCell.h */ = {isa = PBXFileReference; lastKnownFileType = sourcecode.c.h; path = YZCalendarCollectionViewCell.h; sourceTree = "<group>"; };
		9DF9B5051FCE9C6300DB6A54 /* YZCalendarCollectionViewCell.m */ = {isa = PBXFileReference; lastKnownFileType = sourcecode.c.objc; path = YZCalendarCollectionViewCell.m; sourceTree = "<group>"; };
		9DF9B5071FCE9CC700DB6A54 /* YZCalendarViewCell.h */ = {isa = PBXFileReference; lastKnownFileType = sourcecode.c.h; path = YZCalendarViewCell.h; sourceTree = "<group>"; };
		9DF9B5081FCE9CC700DB6A54 /* YZCalendarViewCell.m */ = {isa = PBXFileReference; lastKnownFileType = sourcecode.c.objc; path = YZCalendarViewCell.m; sourceTree = "<group>"; };
		9DF9B50B1FCE9FEC00DB6A54 /* YZSelectCalendarPrefixHeader.pch */ = {isa = PBXFileReference; lastKnownFileType = sourcecode.c.h; path = YZSelectCalendarPrefixHeader.pch; sourceTree = "<group>"; };
		9DF9B50C1FCEA54100DB6A54 /* YZCalendarModel.h */ = {isa = PBXFileReference; lastKnownFileType = sourcecode.c.h; path = YZCalendarModel.h; sourceTree = "<group>"; };
		9DF9B50D1FCEA54100DB6A54 /* YZCalendarModel.m */ = {isa = PBXFileReference; lastKnownFileType = sourcecode.c.objc; path = YZCalendarModel.m; sourceTree = "<group>"; };
		9DF9B50F1FCEB46C00DB6A54 /* NSDateTool.h */ = {isa = PBXFileReference; lastKnownFileType = sourcecode.c.h; path = NSDateTool.h; sourceTree = "<group>"; };
		9DF9B5101FCEB46C00DB6A54 /* NSDateTool.m */ = {isa = PBXFileReference; lastKnownFileType = sourcecode.c.objc; path = NSDateTool.m; sourceTree = "<group>"; };
/* End PBXFileReference section */

/* Begin PBXFrameworksBuildPhase section */
		9DF9B4C11FCE9BEB00DB6A54 /* Frameworks */ = {
			isa = PBXFrameworksBuildPhase;
			buildActionMask = 2147483647;
			files = (
			);
			runOnlyForDeploymentPostprocessing = 0;
		};
/* End PBXFrameworksBuildPhase section */

/* Begin PBXGroup section */
		9D52DDA71FD13208006F2E1C /* MJExtension */ = {
			isa = PBXGroup;
			children = (
				9D52DDA81FD13208006F2E1C /* MJExtension.h */,
				9D52DDA91FD13208006F2E1C /* MJExtensionConst.h */,
				9D52DDAA1FD13208006F2E1C /* MJExtensionConst.m */,
				9D52DDAB1FD13208006F2E1C /* MJFoundation.h */,
				9D52DDAC1FD13208006F2E1C /* MJFoundation.m */,
				9D52DDAD1FD13208006F2E1C /* MJProperty.h */,
				9D52DDAE1FD13208006F2E1C /* MJProperty.m */,
				9D52DDAF1FD13208006F2E1C /* MJPropertyKey.h */,
				9D52DDB01FD13208006F2E1C /* MJPropertyKey.m */,
				9D52DDB11FD13208006F2E1C /* MJPropertyType.h */,
				9D52DDB21FD13208006F2E1C /* MJPropertyType.m */,
				9D52DDB31FD13208006F2E1C /* NSObject+MJClass.h */,
				9D52DDB41FD13208006F2E1C /* NSObject+MJClass.m */,
				9D52DDB51FD13208006F2E1C /* NSObject+MJCoding.h */,
				9D52DDB61FD13208006F2E1C /* NSObject+MJCoding.m */,
				9D52DDB71FD13208006F2E1C /* NSObject+MJKeyValue.h */,
				9D52DDB81FD13208006F2E1C /* NSObject+MJKeyValue.m */,
				9D52DDB91FD13208006F2E1C /* NSObject+MJProperty.h */,
				9D52DDBA1FD13208006F2E1C /* NSObject+MJProperty.m */,
				9D52DDBB1FD13208006F2E1C /* NSString+MJExtension.h */,
				9D52DDBC1FD13208006F2E1C /* NSString+MJExtension.m */,
			);
			path = MJExtension;
			sourceTree = "<group>";
		};
		9DF9B4BB1FCE9BEB00DB6A54 = {
			isa = PBXGroup;
			children = (
				9DF9B4C61FCE9BEB00DB6A54 /* YZSelectCalendarDemo */,
				9DF9B4C51FCE9BEB00DB6A54 /* Products */,
			);
			sourceTree = "<group>";
		};
		9DF9B4C51FCE9BEB00DB6A54 /* Products */ = {
			isa = PBXGroup;
			children = (
				9DF9B4C41FCE9BEB00DB6A54 /* YZSelectCalendarDemo.app */,
			);
			name = Products;
			sourceTree = "<group>";
		};
		9DF9B4C61FCE9BEB00DB6A54 /* YZSelectCalendarDemo */ = {
			isa = PBXGroup;
			children = (
				9DF9B4C71FCE9BEB00DB6A54 /* AppDelegate.h */,
				9DF9B4C81FCE9BEB00DB6A54 /* AppDelegate.m */,
				94FAD7201FF4C9010008DEAF /* HSMainViewController.h */,
				94FAD7211FF4C9010008DEAF /* HSMainViewController.m */,
				9DF9B4CA1FCE9BEB00DB6A54 /* ViewController.h */,
				9DF9B4CB1FCE9BEB00DB6A54 /* ViewController.m */,
				9DF9B5071FCE9CC700DB6A54 /* YZCalendarViewCell.h */,
				9DF9B5081FCE9CC700DB6A54 /* YZCalendarViewCell.m */,
				9DF9B5041FCE9C6300DB6A54 /* YZCalendarCollectionViewCell.h */,
				9DF9B5051FCE9C6300DB6A54 /* YZCalendarCollectionViewCell.m */,
				9DF9B50C1FCEA54100DB6A54 /* YZCalendarModel.h */,
				9DF9B50D1FCEA54100DB6A54 /* YZCalendarModel.m */,
				9DF9B50F1FCEB46C00DB6A54 /* NSDateTool.h */,
				9DF9B5101FCEB46C00DB6A54 /* NSDateTool.m */,
				94FAD7231FF4E8510008DEAF /* NSDate+Utilities.h */,
				94FAD7241FF4E8510008DEAF /* NSDate+Utilities.m */,
				9D52DDA71FD13208006F2E1C /* MJExtension */,
				9DF9B4E01FCE9C0A00DB6A54 /* Masonry */,
				9DF9B4CD1FCE9BEB00DB6A54 /* Main.storyboard */,
				9DF9B4D31FCE9BEB00DB6A54 /* Assets.xcassets */,
				9DF9B4D51FCE9BEB00DB6A54 /* LaunchScreen.storyboard */,
				9DF9B4D81FCE9BEB00DB6A54 /* Info.plist */,
				9DF9B4D91FCE9BEB00DB6A54 /* main.m */,
				9DF9B4D01FCE9BEB00DB6A54 /* YZSelectCalendarDemo.xcdatamodeld */,
				9DF9B50B1FCE9FEC00DB6A54 /* YZSelectCalendarPrefixHeader.pch */,
			);
			path = YZSelectCalendarDemo;
			sourceTree = "<group>";
		};
		9DF9B4E01FCE9C0A00DB6A54 /* Masonry */ = {
			isa = PBXGroup;
			children = (
				9DF9B4E11FCE9C0A00DB6A54 /* MASCompositeConstraint.h */,
				9DF9B4E21FCE9C0A00DB6A54 /* MASCompositeConstraint.m */,
				9DF9B4E31FCE9C0A00DB6A54 /* MASConstraint+Private.h */,
				9DF9B4E41FCE9C0A00DB6A54 /* MASConstraint.h */,
				9DF9B4E51FCE9C0A00DB6A54 /* MASConstraint.m */,
				9DF9B4E61FCE9C0A00DB6A54 /* MASConstraintMaker.h */,
				9DF9B4E71FCE9C0A00DB6A54 /* MASConstraintMaker.m */,
				9DF9B4E81FCE9C0A00DB6A54 /* MASLayoutConstraint.h */,
				9DF9B4E91FCE9C0A00DB6A54 /* MASLayoutConstraint.m */,
				9DF9B4EA1FCE9C0A00DB6A54 /* Masonry.h */,
				9DF9B4EB1FCE9C0A00DB6A54 /* MASUtilities.h */,
				9DF9B4EC1FCE9C0A00DB6A54 /* MASViewAttribute.h */,
				9DF9B4ED1FCE9C0A00DB6A54 /* MASViewAttribute.m */,
				9DF9B4EE1FCE9C0A00DB6A54 /* MASViewConstraint.h */,
				9DF9B4EF1FCE9C0A00DB6A54 /* MASViewConstraint.m */,
				9DF9B4F01FCE9C0A00DB6A54 /* NSArray+MASAdditions.h */,
				9DF9B4F11FCE9C0A00DB6A54 /* NSArray+MASAdditions.m */,
				9DF9B4F21FCE9C0A00DB6A54 /* NSArray+MASShorthandAdditions.h */,
				9DF9B4F31FCE9C0A00DB6A54 /* NSLayoutConstraint+MASDebugAdditions.h */,
				9DF9B4F41FCE9C0A00DB6A54 /* NSLayoutConstraint+MASDebugAdditions.m */,
				9DF9B4F51FCE9C0A00DB6A54 /* View+MASAdditions.h */,
				9DF9B4F61FCE9C0A00DB6A54 /* View+MASAdditions.m */,
				9DF9B4F71FCE9C0A00DB6A54 /* View+MASShorthandAdditions.h */,
				9DF9B4F81FCE9C0A00DB6A54 /* ViewController+MASAdditions.h */,
				9DF9B4F91FCE9C0A00DB6A54 /* ViewController+MASAdditions.m */,
			);
			path = Masonry;
			sourceTree = "<group>";
		};
/* End PBXGroup section */

/* Begin PBXNativeTarget section */
		9DF9B4C31FCE9BEB00DB6A54 /* YZSelectCalendarDemo */ = {
			isa = PBXNativeTarget;
			buildConfigurationList = 9DF9B4DD1FCE9BEB00DB6A54 /* Build configuration list for PBXNativeTarget "YZSelectCalendarDemo" */;
			buildPhases = (
				9DF9B4C01FCE9BEB00DB6A54 /* Sources */,
				9DF9B4C11FCE9BEB00DB6A54 /* Frameworks */,
				9DF9B4C21FCE9BEB00DB6A54 /* Resources */,
			);
			buildRules = (
			);
			dependencies = (
			);
			name = YZSelectCalendarDemo;
			productName = YZSelectCalendarDemo;
			productReference = 9DF9B4C41FCE9BEB00DB6A54 /* YZSelectCalendarDemo.app */;
			productType = "com.apple.product-type.application";
		};
/* End PBXNativeTarget section */

/* Begin PBXProject section */
		9DF9B4BC1FCE9BEB00DB6A54 /* Project object */ = {
			isa = PBXProject;
			attributes = {
				LastUpgradeCheck = 0910;
				ORGANIZATIONNAME = "Q房通";
				TargetAttributes = {
					9DF9B4C31FCE9BEB00DB6A54 = {
						CreatedOnToolsVersion = 9.1;
						ProvisioningStyle = Automatic;
					};
				};
			};
			buildConfigurationList = 9DF9B4BF1FCE9BEB00DB6A54 /* Build configuration list for PBXProject "YZSelectCalendarDemo" */;
			compatibilityVersion = "Xcode 8.0";
			developmentRegion = en;
			hasScannedForEncodings = 0;
			knownRegions = (
				en,
				Base,
			);
			mainGroup = 9DF9B4BB1FCE9BEB00DB6A54;
			productRefGroup = 9DF9B4C51FCE9BEB00DB6A54 /* Products */;
			projectDirPath = "";
			projectRoot = "";
			targets = (
				9DF9B4C31FCE9BEB00DB6A54 /* YZSelectCalendarDemo */,
			);
		};
/* End PBXProject section */

/* Begin PBXResourcesBuildPhase section */
		9DF9B4C21FCE9BEB00DB6A54 /* Resources */ = {
			isa = PBXResourcesBuildPhase;
			buildActionMask = 2147483647;
			files = (
				9DF9B4D71FCE9BEB00DB6A54 /* LaunchScreen.storyboard in Resources */,
				9DF9B4D41FCE9BEB00DB6A54 /* Assets.xcassets in Resources */,
				9DF9B4CF1FCE9BEB00DB6A54 /* Main.storyboard in Resources */,
			);
			runOnlyForDeploymentPostprocessing = 0;
		};
/* End PBXResourcesBuildPhase section */

/* Begin PBXSourcesBuildPhase section */
		9DF9B4C01FCE9BEB00DB6A54 /* Sources */ = {
			isa = PBXSourcesBuildPhase;
			buildActionMask = 2147483647;
			files = (
				9DF9B50E1FCEA54100DB6A54 /* YZCalendarModel.m in Sources */,
				9D52DDC01FD13208006F2E1C /* MJPropertyKey.m in Sources */,
				9D52DDC41FD13208006F2E1C /* NSObject+MJKeyValue.m in Sources */,
				9DF9B4FC1FCE9C0A00DB6A54 /* MASConstraintMaker.m in Sources */,
				9DF9B5061FCE9C6300DB6A54 /* YZCalendarCollectionViewCell.m in Sources */,
				9D52DDBE1FD13208006F2E1C /* MJFoundation.m in Sources */,
				9DF9B4D21FCE9BEB00DB6A54 /* YZSelectCalendarDemo.xcdatamodeld in Sources */,
				9DF9B5091FCE9CC700DB6A54 /* YZCalendarViewCell.m in Sources */,
				9DF9B4CC1FCE9BEB00DB6A54 /* ViewController.m in Sources */,
				9DF9B4FB1FCE9C0A00DB6A54 /* MASConstraint.m in Sources */,
				9DF9B5031FCE9C0B00DB6A54 /* ViewController+MASAdditions.m in Sources */,
				9DF9B4FD1FCE9C0A00DB6A54 /* MASLayoutConstraint.m in Sources */,
				9DF9B5001FCE9C0B00DB6A54 /* NSArray+MASAdditions.m in Sources */,
				9D52DDBD1FD13208006F2E1C /* MJExtensionConst.m in Sources */,
				9DF9B5111FCEB46C00DB6A54 /* NSDateTool.m in Sources */,
				9D52DDC31FD13208006F2E1C /* NSObject+MJCoding.m in Sources */,
				9DF9B4FF1FCE9C0A00DB6A54 /* MASViewConstraint.m in Sources */,
				94FAD7221FF4C9010008DEAF /* HSMainViewController.m in Sources */,
				9DF9B4FE1FCE9C0A00DB6A54 /* MASViewAttribute.m in Sources */,
				94FAD7251FF4E8510008DEAF /* NSDate+Utilities.m in Sources */,
				9DF9B5021FCE9C0B00DB6A54 /* View+MASAdditions.m in Sources */,
				9D52DDC51FD13208006F2E1C /* NSObject+MJProperty.m in Sources */,
				9D52DDBF1FD13208006F2E1C /* MJProperty.m in Sources */,
				9DF9B4DA1FCE9BEB00DB6A54 /* main.m in Sources */,
				9DF9B4C91FCE9BEB00DB6A54 /* AppDelegate.m in Sources */,
				9DF9B4FA1FCE9C0A00DB6A54 /* MASCompositeConstraint.m in Sources */,
				9D52DDC61FD13208006F2E1C /* NSString+MJExtension.m in Sources */,
				9D52DDC21FD13208006F2E1C /* NSObject+MJClass.m in Sources */,
				9D52DDC11FD13208006F2E1C /* MJPropertyType.m in Sources */,
				9DF9B5011FCE9C0B00DB6A54 /* NSLayoutConstraint+MASDebugAdditions.m in Sources */,
			);
			runOnlyForDeploymentPostprocessing = 0;
		};
/* End PBXSourcesBuildPhase section */

/* Begin PBXVariantGroup section */
		9DF9B4CD1FCE9BEB00DB6A54 /* Main.storyboard */ = {
			isa = PBXVariantGroup;
			children = (
				9DF9B4CE1FCE9BEB00DB6A54 /* Base */,
			);
			name = Main.storyboard;
			sourceTree = "<group>";
		};
		9DF9B4D51FCE9BEB00DB6A54 /* LaunchScreen.storyboard */ = {
			isa = PBXVariantGroup;
			children = (
				9DF9B4D61FCE9BEB00DB6A54 /* Base */,
			);
			name = LaunchScreen.storyboard;
			sourceTree = "<group>";
		};
/* End PBXVariantGroup section */

/* Begin XCBuildConfiguration section */
		9DF9B4DB1FCE9BEB00DB6A54 /* Debug */ = {
			isa = XCBuildConfiguration;
			buildSettings = {
				ALWAYS_SEARCH_USER_PATHS = NO;
				CLANG_ANALYZER_NONNULL = YES;
				CLANG_ANALYZER_NUMBER_OBJECT_CONVERSION = YES_AGGRESSIVE;
				CLANG_CXX_LANGUAGE_STANDARD = "gnu++14";
				CLANG_CXX_LIBRARY = "libc++";
				CLANG_ENABLE_MODULES = YES;
				CLANG_ENABLE_OBJC_ARC = YES;
				CLANG_WARN_BLOCK_CAPTURE_AUTORELEASING = YES;
				CLANG_WARN_BOOL_CONVERSION = YES;
				CLANG_WARN_COMMA = YES;
				CLANG_WARN_CONSTANT_CONVERSION = YES;
				CLANG_WARN_DIRECT_OBJC_ISA_USAGE = YES_ERROR;
				CLANG_WARN_DOCUMENTATION_COMMENTS = YES;
				CLANG_WARN_EMPTY_BODY = YES;
				CLANG_WARN_ENUM_CONVERSION = YES;
				CLANG_WARN_INFINITE_RECURSION = YES;
				CLANG_WARN_INT_CONVERSION = YES;
				CLANG_WARN_NON_LITERAL_NULL_CONVERSION = YES;
				CLANG_WARN_OBJC_LITERAL_CONVERSION = YES;
				CLANG_WARN_OBJC_ROOT_CLASS = YES_ERROR;
				CLANG_WARN_RANGE_LOOP_ANALYSIS = YES;
				CLANG_WARN_STRICT_PROTOTYPES = YES;
				CLANG_WARN_SUSPICIOUS_MOVE = YES;
				CLANG_WARN_UNGUARDED_AVAILABILITY = YES_AGGRESSIVE;
				CLANG_WARN_UNREACHABLE_CODE = YES;
				CLANG_WARN__DUPLICATE_METHOD_MATCH = YES;
				CODE_SIGN_IDENTITY = "iPhone Developer";
				COPY_PHASE_STRIP = NO;
				DEBUG_INFORMATION_FORMAT = dwarf;
				ENABLE_STRICT_OBJC_MSGSEND = YES;
				ENABLE_TESTABILITY = YES;
				GCC_C_LANGUAGE_STANDARD = gnu11;
				GCC_DYNAMIC_NO_PIC = NO;
				GCC_NO_COMMON_BLOCKS = YES;
				GCC_OPTIMIZATION_LEVEL = 0;
				GCC_PREPROCESSOR_DEFINITIONS = (
					"DEBUG=1",
					"$(inherited)",
				);
				GCC_WARN_64_TO_32_BIT_CONVERSION = YES;
				GCC_WARN_ABOUT_RETURN_TYPE = YES_ERROR;
				GCC_WARN_UNDECLARED_SELECTOR = YES;
				GCC_WARN_UNINITIALIZED_AUTOS = YES_AGGRESSIVE;
				GCC_WARN_UNUSED_FUNCTION = YES;
				GCC_WARN_UNUSED_VARIABLE = YES;
				IPHONEOS_DEPLOYMENT_TARGET = 11.1;
				MTL_ENABLE_DEBUG_INFO = YES;
				ONLY_ACTIVE_ARCH = YES;
				SDKROOT = iphoneos;
			};
			name = Debug;
		};
		9DF9B4DC1FCE9BEB00DB6A54 /* Release */ = {
			isa = XCBuildConfiguration;
			buildSettings = {
				ALWAYS_SEARCH_USER_PATHS = NO;
				CLANG_ANALYZER_NONNULL = YES;
				CLANG_ANALYZER_NUMBER_OBJECT_CONVERSION = YES_AGGRESSIVE;
				CLANG_CXX_LANGUAGE_STANDARD = "gnu++14";
				CLANG_CXX_LIBRARY = "libc++";
				CLANG_ENABLE_MODULES = YES;
				CLANG_ENABLE_OBJC_ARC = YES;
				CLANG_WARN_BLOCK_CAPTURE_AUTORELEASING = YES;
				CLANG_WARN_BOOL_CONVERSION = YES;
				CLANG_WARN_COMMA = YES;
				CLANG_WARN_CONSTANT_CONVERSION = YES;
				CLANG_WARN_DIRECT_OBJC_ISA_USAGE = YES_ERROR;
				CLANG_WARN_DOCUMENTATION_COMMENTS = YES;
				CLANG_WARN_EMPTY_BODY = YES;
				CLANG_WARN_ENUM_CONVERSION = YES;
				CLANG_WARN_INFINITE_RECURSION = YES;
				CLANG_WARN_INT_CONVERSION = YES;
				CLANG_WARN_NON_LITERAL_NULL_CONVERSION = YES;
				CLANG_WARN_OBJC_LITERAL_CONVERSION = YES;
				CLANG_WARN_OBJC_ROOT_CLASS = YES_ERROR;
				CLANG_WARN_RANGE_LOOP_ANALYSIS = YES;
				CLANG_WARN_STRICT_PROTOTYPES = YES;
				CLANG_WARN_SUSPICIOUS_MOVE = YES;
				CLANG_WARN_UNGUARDED_AVAILABILITY = YES_AGGRESSIVE;
				CLANG_WARN_UNREACHABLE_CODE = YES;
				CLANG_WARN__DUPLICATE_METHOD_MATCH = YES;
				CODE_SIGN_IDENTITY = "iPhone Developer";
				COPY_PHASE_STRIP = NO;
				DEBUG_INFORMATION_FORMAT = "dwarf-with-dsym";
				ENABLE_NS_ASSERTIONS = NO;
				ENABLE_STRICT_OBJC_MSGSEND = YES;
				GCC_C_LANGUAGE_STANDARD = gnu11;
				GCC_NO_COMMON_BLOCKS = YES;
				GCC_WARN_64_TO_32_BIT_CONVERSION = YES;
				GCC_WARN_ABOUT_RETURN_TYPE = YES_ERROR;
				GCC_WARN_UNDECLARED_SELECTOR = YES;
				GCC_WARN_UNINITIALIZED_AUTOS = YES_AGGRESSIVE;
				GCC_WARN_UNUSED_FUNCTION = YES;
				GCC_WARN_UNUSED_VARIABLE = YES;
				IPHONEOS_DEPLOYMENT_TARGET = 11.1;
				MTL_ENABLE_DEBUG_INFO = NO;
				SDKROOT = iphoneos;
				VALIDATE_PRODUCT = YES;
			};
			name = Release;
		};
		9DF9B4DE1FCE9BEB00DB6A54 /* Debug */ = {
			isa = XCBuildConfiguration;
			buildSettings = {
				ASSETCATALOG_COMPILER_APPICON_NAME = AppIcon;
				"CODE_SIGN_IDENTITY[sdk=iphoneos*]" = "iPhone Developer";
				CODE_SIGN_STYLE = Automatic;
				DEVELOPMENT_TEAM = PDFNCJM5PL;
				GCC_PRECOMPILE_PREFIX_HEADER = YES;
				GCC_PREFIX_HEADER = YZSelectCalendarDemo/YZSelectCalendarPrefixHeader.pch;
				INFOPLIST_FILE = YZSelectCalendarDemo/Info.plist;
				IPHONEOS_DEPLOYMENT_TARGET = 9.0;
				LD_RUNPATH_SEARCH_PATHS = "$(inherited) @executable_path/Frameworks";
				PRODUCT_BUNDLE_IDENTIFIER = com.fgs.Fanggs;
				PRODUCT_NAME = "$(TARGET_NAME)";
				PROVISIONING_PROFILE_SPECIFIER = "";
				TARGETED_DEVICE_FAMILY = 1;
			};
			name = Debug;
		};
		9DF9B4DF1FCE9BEB00DB6A54 /* Release */ = {
			isa = XCBuildConfiguration;
			buildSettings = {
				ASSETCATALOG_COMPILER_APPICON_NAME = AppIcon;
				"CODE_SIGN_IDENTITY[sdk=iphoneos*]" = "iPhone Developer";
				CODE_SIGN_STYLE = Automatic;
				DEVELOPMENT_TEAM = PDFNCJM5PL;
				GCC_PRECOMPILE_PREFIX_HEADER = YES;
				GCC_PREFIX_HEADER = YZSelectCalendarDemo/YZSelectCalendarPrefixHeader.pch;
				INFOPLIST_FILE = YZSelectCalendarDemo/Info.plist;
				IPHONEOS_DEPLOYMENT_TARGET = 9.0;
				LD_RUNPATH_SEARCH_PATHS = "$(inherited) @executable_path/Frameworks";
				PRODUCT_BUNDLE_IDENTIFIER = com.fgs.Fanggs;
				PRODUCT_NAME = "$(TARGET_NAME)";
				PROVISIONING_PROFILE_SPECIFIER = "";
				TARGETED_DEVICE_FAMILY = 1;
			};
			name = Release;
		};
/* End XCBuildConfiguration section */

/* Begin XCConfigurationList section */
		9DF9B4BF1FCE9BEB00DB6A54 /* Build configuration list for PBXProject "YZSelectCalendarDemo" */ = {
			isa = XCConfigurationList;
			buildConfigurations = (
				9DF9B4DB1FCE9BEB00DB6A54 /* Debug */,
				9DF9B4DC1FCE9BEB00DB6A54 /* Release */,
			);
			defaultConfigurationIsVisible = 0;
			defaultConfigurationName = Release;
		};
		9DF9B4DD1FCE9BEB00DB6A54 /* Build configuration list for PBXNativeTarget "YZSelectCalendarDemo" */ = {
			isa = XCConfigurationList;
			buildConfigurations = (
				9DF9B4DE1FCE9BEB00DB6A54 /* Debug */,
				9DF9B4DF1FCE9BEB00DB6A54 /* Release */,
			);
			defaultConfigurationIsVisible = 0;
			defaultConfigurationName = Release;
		};
/* End XCConfigurationList section */

/* Begin XCVersionGroup section */
		9DF9B4D01FCE9BEB00DB6A54 /* YZSelectCalendarDemo.xcdatamodeld */ = {
			isa = XCVersionGroup;
			children = (
				9DF9B4D11FCE9BEB00DB6A54 /* YZSelectCalendarDemo.xcdatamodel */,
			);
			currentVersion = 9DF9B4D11FCE9BEB00DB6A54 /* YZSelectCalendarDemo.xcdatamodel */;
			path = YZSelectCalendarDemo.xcdatamodeld;
			sourceTree = "<group>";
			versionGroupType = wrapper.xcdatamodel;
		};
/* End XCVersionGroup section */
	};
	rootObject = 9DF9B4BC1FCE9BEB00DB6A54 /* Project object */;
}
